
Microsoft Visual Studio Solution File, Format Version 12.00
# Visual Studio Version 17
VisualStudioVersion = 17.5.33516.290
MinimumVisualStudioVersion = 10.0.40219.1
Project("{FAE04EC0-301F-11D3-BF4B-00C04F79EFBC}") = "BuildingFilter", "BuildingFilter\BuildingFilter.csproj", "{2B7A6AE1-04EE-4E51-8EE5-9228EE645BCF}"
EndProject
Global
	GlobalSection(SolutionConfigurationPlatforms) = preSolution
		Debug|Any CPU = Debug|Any CPU
		Release|Any CPU = Release|Any CPU
	EndGlobalSection
	GlobalSection(ProjectConfigurationPlatforms) = postSolution
		{2B7A6AE1-04EE-4E51-8EE5-9228EE645BCF}.Debug|Any CPU.ActiveCfg = Debug|Any CPU
		{2B7A6AE1-04EE-4E51-8EE5-9228EE645BCF}.Debug|Any CPU.Build.0 = Debug|Any CPU
		{2B7A6AE1-04EE-4E51-8EE5-9228EE645BCF}.Release|Any CPU.ActiveCfg = Release|Any CPU
		{2B7A6AE1-04EE-4E51-8EE5-9228EE645BCF}.Release|Any CPU.Build.0 = Release|Any CPU
	EndGlobalSection
	GlobalSection(SolutionProperties) = preSolution
		HideSolutionNode = FALSE
	EndGlobalSection
	GlobalSection(ExtensibilityGlobals) = postSolution
		SolutionGuid = {83B36F4F-79A9-4EF4-BDF6-A5EC4E4D6C98}
	EndGlobalSection
EndGlobal
